
Microsoft Visual Studio Solution File, Format Version 12.00
# Visual Studio 2013
VisualStudioVersion = 12.0.31101.0
MinimumVisualStudioVersion = 10.0.40219.1
Project("{FAE04EC0-301F-11D3-BF4B-00C04F79EFBC}") = "NeoBrowser", "NeoBrowser\NeoBrowser.csproj", "{F4C84D48-E2DF-44A3-8872-EE6C5A23EBAA}"
EndProject
Project("{FAE04EC0-301F-11D3-BF4B-00C04F79EFBC}") = "NeoBrowser.Client", "NeoBrowser.Client\NeoBrowser.Client.csproj", "{A9CEDB98-2E85-4C82-9B6F-955476BE0616}"
EndProject
Project("{FAE04EC0-301F-11D3-BF4B-00C04F79EFBC}") = "NeoBrowser.ClientTest", "NeoBrowser.ClientTest\NeoBrowser.ClientTest.csproj", "{A2463ED5-C5F8-4E4B-8A45-F2E88E08D257}"
EndProject
Project("{2150E333-8FDC-42A3-9474-1A3956D46DE8}") = ".nuget", ".nuget", "{B6C22B85-2882-47AF-A50C-1F2E880E8BCC}"
	ProjectSection(SolutionItems) = preProject
		.nuget\NuGet.Config = .nuget\NuGet.Config
		.nuget\NuGet.exe = .nuget\NuGet.exe
		.nuget\NuGet.targets = .nuget\NuGet.targets
	EndProjectSection
EndProject
Global
	GlobalSection(SolutionConfigurationPlatforms) = preSolution
		Debug|Any CPU = Debug|Any CPU
		Release|Any CPU = Release|Any CPU
	EndGlobalSection
	GlobalSection(ProjectConfigurationPlatforms) = postSolution
		{F4C84D48-E2DF-44A3-8872-EE6C5A23EBAA}.Debug|Any CPU.ActiveCfg = Debug|Any CPU
		{F4C84D48-E2DF-44A3-8872-EE6C5A23EBAA}.Debug|Any CPU.Build.0 = Debug|Any CPU
		{F4C84D48-E2DF-44A3-8872-EE6C5A23EBAA}.Release|Any CPU.ActiveCfg = Release|Any CPU
		{F4C84D48-E2DF-44A3-8872-EE6C5A23EBAA}.Release|Any CPU.Build.0 = Release|Any CPU
		{A9CEDB98-2E85-4C82-9B6F-955476BE0616}.Debug|Any CPU.ActiveCfg = Debug|Any CPU
		{A9CEDB98-2E85-4C82-9B6F-955476BE0616}.Debug|Any CPU.Build.0 = Debug|Any CPU
		{A9CEDB98-2E85-4C82-9B6F-955476BE0616}.Release|Any CPU.ActiveCfg = Release|Any CPU
		{A9CEDB98-2E85-4C82-9B6F-955476BE0616}.Release|Any CPU.Build.0 = Release|Any CPU
		{A2463ED5-C5F8-4E4B-8A45-F2E88E08D257}.Debug|Any CPU.ActiveCfg = Debug|Any CPU
		{A2463ED5-C5F8-4E4B-8A45-F2E88E08D257}.Debug|Any CPU.Build.0 = Debug|Any CPU
		{A2463ED5-C5F8-4E4B-8A45-F2E88E08D257}.Release|Any CPU.ActiveCfg = Release|Any CPU
		{A2463ED5-C5F8-4E4B-8A45-F2E88E08D257}.Release|Any CPU.Build.0 = Release|Any CPU
	EndGlobalSection
	GlobalSection(SolutionProperties) = preSolution
		HideSolutionNode = FALSE
	EndGlobalSection
EndGlobal
